
Microsoft Visual Studio Solution File, Format Version 12.00
# Visual Studio Version 16
VisualStudioVersion = 16.0.30011.22
MinimumVisualStudioVersion = 10.0.40219.1
Project("{FAE04EC0-301F-11D3-BF4B-00C04F79EFBC}") = "TicTacToe", "TicTacToe.csproj", "{FA0C5CCF-5B75-450E-B6FA-6CBF74165494}"
EndProject
Global
	GlobalSection(SolutionConfigurationPlatforms) = preSolution
		Debug|Any CPU = Debug|Any CPU
		Release|Any CPU = Release|Any CPU
	EndGlobalSection
	GlobalSection(ProjectConfigurationPlatforms) = postSolution
		{FA0C5CCF-5B75-450E-B6FA-6CBF74165494}.Debug|Any CPU.ActiveCfg = Debug|Any CPU
		{FA0C5CCF-5B75-450E-B6FA-6CBF74165494}.Debug|Any CPU.Build.0 = Debug|Any CPU
		{FA0C5CCF-5B75-450E-B6FA-6CBF74165494}.Release|Any CPU.ActiveCfg = Release|Any CPU
		{FA0C5CCF-5B75-450E-B6FA-6CBF74165494}.Release|Any CPU.Build.0 = Release|Any CPU
	EndGlobalSection
	GlobalSection(SolutionProperties) = preSolution
		HideSolutionNode = FALSE
	EndGlobalSection
	GlobalSection(ExtensibilityGlobals) = postSolution
		SolutionGuid = {96C9A5FA-D707-4E69-A96C-B1A473F212EA}
	EndGlobalSection
EndGlobal
